
Microsoft Visual Studio Solution File, Format Version 12.00
# Visual Studio Version 17
VisualStudioVersion = 17.0.32014.148
MinimumVisualStudioVersion = 10.0.40219.1
Project("{FAE04EC0-301F-11D3-BF4B-00C04F79EFBC}") = "FluentInterfaceDesignPattern", "FluentInterfaceDesignPattern\FluentInterfaceDesignPattern.csproj", "{269BEF9A-D376-404C-BB8C-636132E1C699}"
EndProject
Global
	GlobalSection(SolutionConfigurationPlatforms) = preSolution
		Debug|Any CPU = Debug|Any CPU
		Release|Any CPU = Release|Any CPU
	EndGlobalSection
	GlobalSection(ProjectConfigurationPlatforms) = postSolution
		{269BEF9A-D376-404C-BB8C-636132E1C699}.Debug|Any CPU.ActiveCfg = Debug|Any CPU
		{269BEF9A-D376-404C-BB8C-636132E1C699}.Debug|Any CPU.Build.0 = Debug|Any CPU
		{269BEF9A-D376-404C-BB8C-636132E1C699}.Release|Any CPU.ActiveCfg = Release|Any CPU
		{269BEF9A-D376-404C-BB8C-636132E1C699}.Release|Any CPU.Build.0 = Release|Any CPU
	EndGlobalSection
	GlobalSection(SolutionProperties) = preSolution
		HideSolutionNode = FALSE
	EndGlobalSection
	GlobalSection(ExtensibilityGlobals) = postSolution
		SolutionGuid = {F4AA8F2D-5BB8-4D07-83C5-5F23AB777397}
	EndGlobalSection
EndGlobal
